// !$*UTF8*$!
{
	archiveVersion = 1;
	classes = {
	};
	objectVersion = 46;
	objects = {

/* Begin PBXBuildFile section */
		A35C66B31D8E257A0024F92E /* AppDelegate.swift in Sources */ = {isa = PBXBuildFile; fileRef = A35C66B21D8E257A0024F92E /* AppDelegate.swift */; };
		A35C66B51D8E257A0024F92E /* ViewController.swift in Sources */ = {isa = PBXBuildFile; fileRef = A35C66B41D8E257A0024F92E /* ViewController.swift */; };
		A35C66B81D8E257A0024F92E /* Main.storyboard in Resources */ = {isa = PBXBuildFile; fileRef = A35C66B61D8E257A0024F92E /* Main.storyboard */; };
		A35C66BA1D8E257A0024F92E /* Assets.xcassets in Resources */ = {isa = PBXBuildFile; fileRef = A35C66B91D8E257A0024F92E /* Assets.xcassets */; };
		A35C66BD1D8E257A0024F92E /* LaunchScreen.storyboard in Resources */ = {isa = PBXBuildFile; fileRef = A35C66BB1D8E257A0024F92E /* LaunchScreen.storyboard */; };
/* End PBXBuildFile section */

/* Begin PBXFileReference section */
		A35C66AF1D8E257A0024F92E /* TipTastic.app */ = {isa = PBXFileReference; explicitFileType = wrapper.application; includeInIndex = 0; path = TipTastic.app; sourceTree = BUILT_PRODUCTS_DIR; };
		A35C66B21D8E257A0024F92E /* AppDelegate.swift */ = {isa = PBXFileReference; lastKnownFileType = sourcecode.swift; path = AppDelegate.swift; sourceTree = "<group>"; };
		A35C66B41D8E257A0024F92E /* ViewController.swift */ = {isa = PBXFileReference; lastKnownFileType = sourcecode.swift; path = ViewController.swift; sourceTree = "<group>"; };
		A35C66B71D8E257A0024F92E /* Base */ = {isa = PBXFileReference; lastKnownFileType = file.storyboard; name = Base; path = Base.lproj/Main.storyboard; sourceTree = "<group>"; };
		A35C66B91D8E257A0024F92E /* Assets.xcassets */ = {isa = PBXFileReference; lastKnownFileType = folder.assetcatalog; path = Assets.xcassets; sourceTree = "<group>"; };
		A35C66BC1D8E257A0024F92E /* Base */ = {isa = PBXFileReference; lastKnownFileType = file.storyboard; name = Base; path = Base.lproj/LaunchScreen.storyboard; sourceTree = "<group>"; };
		A35C66BE1D8E257A0024F92E /* Info.plist */ = {isa = PBXFileReference; lastKnownFileType = text.plist.xml; path = Info.plist; sourceTree = "<group>"; };
/* End PBXFileReference section */

/* Begin PBXFrameworksBuildPhase section */
		A35C66AC1D8E257A0024F92E /* Frameworks */ = {
			isa = PBXFrameworksBuildPhase;
			buildActionMask = 2147483647;
			files = (
			);
			runOnlyForDeploymentPostprocessing = 0;
		};
/* End PBXFrameworksBuildPhase section */

/* Begin PBXGroup section */
		A35C66A61D8E257A0024F92E = {
			isa = PBXGroup;
			children = (
				A35C66B11D8E257A0024F92E /* TipTastic */,
				A35C66B01D8E257A0024F92E /* Products */,
			);
			sourceTree = "<group>";
		};
		A35C66B01D8E257A0024F92E /* Products */ = {
			isa = PBXGroup;
			children = (
				A35C66AF1D8E257A0024F92E /* TipTastic.app */,
			);
			name = Products;
			sourceTree = "<group>";
		};
		A35C66B11D8E257A0024F92E /* TipTastic */ = {
			isa = PBXGroup;
			children = (
				A35C66B21D8E257A0024F92E /* AppDelegate.swift */,
				A35C66B41D8E257A0024F92E /* ViewController.swift */,
				A35C66B61D8E257A0024F92E /* Main.storyboard */,
				A35C66B91D8E257A0024F92E /* Assets.xcassets */,
				A35C66BB1D8E257A0024F92E /* LaunchScreen.storyboard */,
				A35C66BE1D8E257A0024F92E /* Info.plist */,
			);
			path = TipTastic;
			sourceTree = "<group>";
		};
/* End PBXGroup section */

/* Begin PBXNativeTarget section */
		A35C66AE1D8E257A0024F92E /* TipTastic */ = {
			isa = PBXNativeTarget;
			buildConfigurationList = A35C66C11D8E257A0024F92E /* Build configuration list for PBXNativeTarget "TipTastic" */;
			buildPhases = (
				A35C66AB1D8E257A0024F92E /* Sources */,
				A35C66AC1D8E257A0024F92E /* Frameworks */,
				A35C66AD1D8E257A0024F92E /* Resources */,
			);
			buildRules = (
			);
			dependencies = (
			);
			name = TipTastic;
			productName = TipTastic;
			productReference = A35C66AF1D8E257A0024F92E /* TipTastic.app */;
			productType = "com.apple.product-type.application";
		};
/* End PBXNativeTarget section */

/* Begin PBXProject section */
		A35C66A71D8E257A0024F92E /* Project object */ = {
			isa = PBXProject;
			attributes = {
				LastSwiftUpdateCheck = 0800;
				LastUpgradeCheck = 0800;
				ORGANIZATIONNAME = "Yin Yee Lai";
				TargetAttributes = {
					A35C66AE1D8E257A0024F92E = {
						CreatedOnToolsVersion = 8.0;
						ProvisioningStyle = Automatic;
					};
				};
			};
			buildConfigurationList = A35C66AA1D8E257A0024F92E /* Build configuration list for PBXProject "TipTastic" */;
			compatibilityVersion = "Xcode 3.2";
			developmentRegion = English;
			hasScannedForEncodings = 0;
			knownRegions = (
				en,
				Base,
			);
			mainGroup = A35C66A61D8E257A0024F92E;
			productRefGroup = A35C66B01D8E257A0024F92E /* Products */;
			projectDirPath = "";
			projectRoot = "";
			targets = (
				A35C66AE1D8E257A0024F92E /* TipTastic */,
			);
		};
/* End PBXProject section */

/* Begin PBXResourcesBuildPhase section */
		A35C66AD1D8E257A0024F92E /* Resources */ = {
			isa = PBXResourcesBuildPhase;
			buildActionMask = 2147483647;
			files = (
				A35C66BD1D8E257A0024F92E /* LaunchScreen.storyboard in Resources */,
				A35C66BA1D8E257A0024F92E /* Assets.xcassets in Resources */,
				A35C66B81D8E257A0024F92E /* Main.storyboard in Resources */,
			);
			runOnlyForDeploymentPostprocessing = 0;
		};
/* End PBXResourcesBuildPhase section */

/* Begin PBXSourcesBuildPhase section */
		A35C66AB1D8E257A0024F92E /* Sources */ = {
			isa = PBXSourcesBuildPhase;
			buildActionMask = 2147483647;
			files = (
				A35C66B51D8E257A0024F92E /* ViewController.swift in Sources */,
				A35C66B31D8E257A0024F92E /* AppDelegate.swift in Sources */,
			);
			runOnlyForDeploymentPostprocessing = 0;
		};
/* End PBXSourcesBuildPhase section */

/* Begin PBXVariantGroup section */
		A35C66B61D8E257A0024F92E /* Main.storyboard */ = {
			isa = PBXVariantGroup;
			children = (
				A35C66B71D8E257A0024F92E /* Base */,
			);
			name = Main.storyboard;
			sourceTree = "<group>";
		};
		A35C66BB1D8E257A0024F92E /* LaunchScreen.storyboard */ = {
			isa = PBXVariantGroup;
			children = (
				A35C66BC1D8E257A0024F92E /* Base */,
			);
			name = LaunchScreen.storyboard;
			sourceTree = "<group>";
		};
/* End PBXVariantGroup section */

/* Begin XCBuildConfiguration section */
		A35C66BF1D8E257A0024F92E /* Debug */ = {
			isa = XCBuildConfiguration;
			buildSettings = {
				ALWAYS_SEARCH_USER_PATHS = NO;
				CLANG_ANALYZER_NONNULL = YES;
				CLANG_CXX_LANGUAGE_STANDARD = "gnu++0x";
				CLANG_CXX_LIBRARY = "libc++";
				CLANG_ENABLE_MODULES = YES;
				CLANG_ENABLE_OBJC_ARC = YES;
				CLANG_WARN_BOOL_CONVERSION = YES;
				CLANG_WARN_CONSTANT_CONVERSION = YES;
				CLANG_WARN_DIRECT_OBJC_ISA_USAGE = YES_ERROR;
				CLANG_WARN_DOCUMENTATION_COMMENTS = YES;
				CLANG_WARN_EMPTY_BODY = YES;
				CLANG_WARN_ENUM_CONVERSION = YES;
				CLANG_WARN_INFINITE_RECURSION = YES;
				CLANG_WARN_INT_CONVERSION = YES;
				CLANG_WARN_OBJC_ROOT_CLASS = YES_ERROR;
				CLANG_WARN_SUSPICIOUS_MOVES = YES;
				CLANG_WARN_UNREACHABLE_CODE = YES;
				CLANG_WARN__DUPLICATE_METHOD_MATCH = YES;
				"CODE_SIGN_IDENTITY[sdk=iphoneos*]" = "iPhone Developer";
				COPY_PHASE_STRIP = NO;
				DEBUG_INFORMATION_FORMAT = dwarf;
				ENABLE_STRICT_OBJC_MSGSEND = YES;
				ENABLE_TESTABILITY = YES;
				GCC_C_LANGUAGE_STANDARD = gnu99;
				GCC_DYNAMIC_NO_PIC = NO;
				GCC_NO_COMMON_BLOCKS = YES;
				GCC_OPTIMIZATION_LEVEL = 0;
				GCC_PREPROCESSOR_DEFINITIONS = (
					"DEBUG=1",
					"$(inherited)",
				);
				GCC_WARN_64_TO_32_BIT_CONVERSION = YES;
				GCC_WARN_ABOUT_RETURN_TYPE = YES_ERROR;
				GCC_WARN_UNDECLARED_SELECTOR = YES;
				GCC_WARN_UNINITIALIZED_AUTOS = YES_AGGRESSIVE;
				GCC_WARN_UNUSED_FUNCTION = YES;
				GCC_WARN_UNUSED_VARIABLE = YES;
				IPHONEOS_DEPLOYMENT_TARGET = 10.0;
				MTL_ENABLE_DEBUG_INFO = YES;
				ONLY_ACTIVE_ARCH = YES;
				SDKROOT = iphoneos;
				SWIFT_ACTIVE_COMPILATION_CONDITIONS = DEBUG;
				SWIFT_OPTIMIZATION_LEVEL = "-Onone";
			};
			name = Debug;
		};
		A35C66C01D8E257A0024F92E /* Release */ = {
			isa = XCBuildConfiguration;
			buildSettings = {
				ALWAYS_SEARCH_USER_PATHS = NO;
				CLANG_ANALYZER_NONNULL = YES;
				CLANG_CXX_LANGUAGE_STANDARD = "gnu++0x";
				CLANG_CXX_LIBRARY = "libc++";
				CLANG_ENABLE_MODULES = YES;
				CLANG_ENABLE_OBJC_ARC = YES;
				CLANG_WARN_BOOL_CONVERSION = YES;
				CLANG_WARN_CONSTANT_CONVERSION = YES;
				CLANG_WARN_DIRECT_OBJC_ISA_USAGE = YES_ERROR;
				CLANG_WARN_DOCUMENTATION_COMMENTS = YES;
				CLANG_WARN_EMPTY_BODY = YES;
				CLANG_WARN_ENUM_CONVERSION = YES;
				CLANG_WARN_INFINITE_RECURSION = YES;
				CLANG_WARN_INT_CONVERSION = YES;
				CLANG_WARN_OBJC_ROOT_CLASS = YES_ERROR;
				CLANG_WARN_SUSPICIOUS_MOVES = YES;
				CLANG_WARN_UNREACHABLE_CODE = YES;
				CLANG_WARN__DUPLICATE_METHOD_MATCH = YES;
				"CODE_SIGN_IDENTITY[sdk=iphoneos*]" = "iPhone Developer";
				COPY_PHASE_STRIP = NO;
				DEBUG_INFORMATION_FORMAT = "dwarf-with-dsym";
				ENABLE_NS_ASSERTIONS = NO;
				ENABLE_STRICT_OBJC_MSGSEND = YES;
				GCC_C_LANGUAGE_STANDARD = gnu99;
				GCC_NO_COMMON_BLOCKS = YES;
				GCC_WARN_64_TO_32_BIT_CONVERSION = YES;
				GCC_WARN_ABOUT_RETURN_TYPE = YES_ERROR;
				GCC_WARN_UNDECLARED_SELECTOR = YES;
				GCC_WARN_UNINITIALIZED_AUTOS = YES_AGGRESSIVE;
				GCC_WARN_UNUSED_FUNCTION = YES;
				GCC_WARN_UNUSED_VARIABLE = YES;
				IPHONEOS_DEPLOYMENT_TARGET = 10.0;
				MTL_ENABLE_DEBUG_INFO = NO;
				SDKROOT = iphoneos;
				SWIFT_OPTIMIZATION_LEVEL = "-Owholemodule";
				VALIDATE_PRODUCT = YES;
			};
			name = Release;
		};
		A35C66C21D8E257A0024F92E /* Debug */ = {
			isa = XCBuildConfiguration;
			buildSettings = {
				ASSETCATALOG_COMPILER_APPICON_NAME = AppIcon;
				INFOPLIST_FILE = TipTastic/Info.plist;
				LD_RUNPATH_SEARCH_PATHS = "$(inherited) @executable_path/Frameworks";
				PRODUCT_BUNDLE_IDENTIFIER = com.codepath.TipTastic;
				PRODUCT_NAME = "$(TARGET_NAME)";
				SWIFT_VERSION = 3.0;
			};
			name = Debug;
		};
		A35C66C31D8E257A0024F92E /* Release */ = {
			isa = XCBuildConfiguration;
			buildSettings = {
				ASSETCATALOG_COMPILER_APPICON_NAME = AppIcon;
				INFOPLIST_FILE = TipTastic/Info.plist;
				LD_RUNPATH_SEARCH_PATHS = "$(inherited) @executable_path/Frameworks";
				PRODUCT_BUNDLE_IDENTIFIER = com.codepath.TipTastic;
				PRODUCT_NAME = "$(TARGET_NAME)";
				SWIFT_VERSION = 3.0;
			};
			name = Release;
		};
/* End XCBuildConfiguration section */

/* Begin XCConfigurationList section */
		A35C66AA1D8E257A0024F92E /* Build configuration list for PBXProject "TipTastic" */ = {
			isa = XCConfigurationList;
			buildConfigurations = (
				A35C66BF1D8E257A0024F92E /* Debug */,
				A35C66C01D8E257A0024F92E /* Release */,
			);
			defaultConfigurationIsVisible = 0;
			defaultConfigurationName = Release;
		};
		A35C66C11D8E257A0024F92E /* Build configuration list for PBXNativeTarget "TipTastic" */ = {
			isa = XCConfigurationList;
			buildConfigurations = (
				A35C66C21D8E257A0024F92E /* Debug */,
				A35C66C31D8E257A0024F92E /* Release */,
			);
			defaultConfigurationIsVisible = 0;
		};
/* End XCConfigurationList section */
	};
	rootObject = A35C66A71D8E257A0024F92E /* Project object */;
}
